{
    "_meta": {
        "hash": {
            "sha256": "f855c7f410b3ae66d683bbb0c5940c1f456eabd69a517647f5b4a63804baa5e3"
        },
        "pipfile-spec": 6,
        "requires": {
            "python_full_version": "3.13.2",
            "python_version": "3.13"
        },
        "sources": [
            {
                "name": "pypi",
                "url": "https://pypi.org/simple",
                "verify_ssl": true
            }
        ]
    },
    "default": {
        "cowsay": {
            "hashes": [
                "sha256:274b1e6fc1b966d53976333eb90ac94cb07a450a700b455af9fbdf882244b30a"
            ],
            "index": "pypi",
            "markers": "python_version >= '3.8'",
            "version": "==6.1"
        }
    },
    "develop": {}
}
