# This file is @generated by PDM.
# It is not intended for manual editing.

[metadata]
groups = ["default"]
strategy = ["cross_platform"]
lock_version = "4.5.0"
content_hash = "sha256:05981b9e064b616cee0146951466f6a19becc0b90d22d565d98088945e24e87b"

[[metadata.targets]]
requires_python = ">=3.8"

[[package]]
name = "astunparse"
version = "1.6.3"
summary = "An AST unparser for Python"
dependencies = [
    "six<2.0,>=1.6.1",
    "wheel<1.0,>=0.23.0",
]
files = [
    {file = "astunparse-1.6.3-py2.py3-none-any.whl", hash = "sha256:c2652417f2c8b5bb325c885ae329bdf3f86424075c4fd1a128674bc6fba4b8e8"},
    {file = "astunparse-1.6.3.tar.gz", hash = "sha256:5ad93a8456f0d084c3456d059fd9a92cce667963232cbf763eac3bc5b7940872"},
]

[[package]]
name = "graphql-core"
version = "3.2.5"
requires_python = "<4,>=3.6"
summary = "GraphQL implementation for Python, a port of GraphQL.js, the JavaScript reference implementation for GraphQL."
dependencies = [
    "typing-extensions<5,>=4; python_version < \"3.10\"",
]
files = [
    {file = "graphql_core-3.2.5-py3-none-any.whl", hash = "sha256:2f150d5096448aa4f8ab26268567bbfeef823769893b39c1a2e1409590939c8a"},
    {file = "graphql_core-3.2.5.tar.gz", hash = "sha256:e671b90ed653c808715645e3998b7ab67d382d55467b7e2978549111bbabf8d5"},
]

[[package]]
name = "python-dateutil"
version = "2.9.0.post0"
requires_python = "!=3.0.*,!=3.1.*,!=3.2.*,>=2.7"
summary = "Extensions to the standard Python datetime module"
dependencies = [
    "six>=1.5",
]
files = [
    {file = "python-dateutil-2.9.0.post0.tar.gz", hash = "sha256:37dd54208da7e1cd875388217d5e00ebd4179249f90fb72437e91a35459a0ad3"},
    {file = "python_dateutil-2.9.0.post0-py2.py3-none-any.whl", hash = "sha256:a8b2bc7bffae282281c8140a97d3aa9c14da0b136dfe83f850eea9a5f7470427"},
]

[[package]]
name = "six"
version = "1.17.0"
requires_python = "!=3.0.*,!=3.1.*,!=3.2.*,>=2.7"
summary = "Python 2 and 3 compatibility utilities"
files = [
    {file = "six-1.17.0-py2.py3-none-any.whl", hash = "sha256:4721f391ed90541fddacab5acf947aa0d3dc7d27b2e1e8eda2be8970586c3274"},
    {file = "six-1.17.0.tar.gz", hash = "sha256:ff70335d468e7eb6ec65b95b99d3a2836546063f63acc5171de367e834932a81"},
]

[[package]]
name = "strawberry-graphql"
version = "0.255.0"
requires_python = "<4.0,>=3.8"
summary = "A library for creating GraphQL APIs"
dependencies = [
    "astunparse<2.0.0,>=1.6.3; python_version < \"3.9\"",
    "graphql-core<3.4.0,>=3.2.0",
    "python-dateutil<3.0.0,>=2.7.0",
    "typing-extensions>=4.5.0",
]
files = [
    {file = "strawberry_graphql-0.255.0-py3-none-any.whl", hash = "sha256:890b454cd6ae56e5e63c2a80e1930bd1bd97dcebc91047d89913c2b008110b9f"},
    {file = "strawberry_graphql-0.255.0.tar.gz", hash = "sha256:bbed6da18887d63d8306b4085cc56370a04e8b15eda87e954e0133674ea824a6"},
]

[[package]]
name = "typing-extensions"
version = "4.12.2"
requires_python = ">=3.8"
summary = "Backported and Experimental Type Hints for Python 3.8+"
files = [
    {file = "typing_extensions-4.12.2-py3-none-any.whl", hash = "sha256:04e5ca0351e0f3f85c6853954072df659d0d13fac324d0072316b67d7794700d"},
    {file = "typing_extensions-4.12.2.tar.gz", hash = "sha256:1a7ead55c7e559dd4dee8856e3a88b41225abfe1ce8df57b7c13915fe121ffb8"},
]

[[package]]
name = "wheel"
version = "0.45.1"
requires_python = ">=3.8"
summary = "A built-package format for Python"
files = [
    {file = "wheel-0.45.1-py3-none-any.whl", hash = "sha256:708e7481cc80179af0e556bbf0cc00b8444c7321e2700b8d8580231d13017248"},
    {file = "wheel-0.45.1.tar.gz", hash = "sha256:661e1abd9198507b1409a20c02106d9670b2576e916d58f520316666abca6729"},
]
