lockfileVersion: '9.0'

settings:
  autoInstallPeers: true
  excludeLinksFromLockfile: false

importers:

  .: {}

  packages/pkg-a:
    dependencies:
      abbrev:
        specifier: ^3.0.0
        version: 3.0.0

  packages/pkg-b: {}

packages:

  abbrev@3.0.0:
    resolution: {integrity: sha512-+/kfrslGQ7TNV2ecmQwMJj/B65g5KVq1/L3SGVZ3tCYGqlzFuFCGBZJtMP99wH3NpEUyAjn0zPdPUg0D+DwrOA==}
    engines: {node: ^18.17.0 || >=20.5.0}

snapshots:

  abbrev@3.0.0: {}
